// !$*UTF8*$!
{
	archiveVersion = 1;
	classes = {
	};
	objectVersion = 50;
	objects = {

/* Begin PBXBuildFile section */
		79236237234EDDC90068B899 /* AppDelegate.swift in Sources */ = {isa = PBXBuildFile; fileRef = 79236236234EDDC90068B899 /* AppDelegate.swift */; };
		79236239234EDDC90068B899 /* SceneDelegate.swift in Sources */ = {isa = PBXBuildFile; fileRef = 79236238234EDDC90068B899 /* SceneDelegate.swift */; };
		7923623B234EDDC90068B899 /* AnimationListViewController.swift in Sources */ = {isa = PBXBuildFile; fileRef = 7923623A234EDDC90068B899 /* AnimationListViewController.swift */; };
		7923623E234EDDC90068B899 /* Main.storyboard in Resources */ = {isa = PBXBuildFile; fileRef = 7923623C234EDDC90068B899 /* Main.storyboard */; };
		79236240234EDDCB0068B899 /* Assets.xcassets in Resources */ = {isa = PBXBuildFile; fileRef = 7923623F234EDDCB0068B899 /* Assets.xcassets */; };
		79236243234EDDCB0068B899 /* LaunchScreen.storyboard in Resources */ = {isa = PBXBuildFile; fileRef = 79236241234EDDCB0068B899 /* LaunchScreen.storyboard */; };
		7923624E234EE0150068B899 /* JitteryIconsViewController.swift in Sources */ = {isa = PBXBuildFile; fileRef = 7923624C234EE0150068B899 /* JitteryIconsViewController.swift */; };
		7923624F234EE0150068B899 /* JitteryIconsViewController.xib in Resources */ = {isa = PBXBuildFile; fileRef = 7923624D234EE0150068B899 /* JitteryIconsViewController.xib */; };
/* End PBXBuildFile section */

/* Begin PBXFileReference section */
		79236233234EDDC90068B899 /* Animations.app */ = {isa = PBXFileReference; explicitFileType = wrapper.application; includeInIndex = 0; path = Animations.app; sourceTree = BUILT_PRODUCTS_DIR; };
		79236236234EDDC90068B899 /* AppDelegate.swift */ = {isa = PBXFileReference; lastKnownFileType = sourcecode.swift; path = AppDelegate.swift; sourceTree = "<group>"; };
		79236238234EDDC90068B899 /* SceneDelegate.swift */ = {isa = PBXFileReference; lastKnownFileType = sourcecode.swift; path = SceneDelegate.swift; sourceTree = "<group>"; };
		7923623A234EDDC90068B899 /* AnimationListViewController.swift */ = {isa = PBXFileReference; lastKnownFileType = sourcecode.swift; path = AnimationListViewController.swift; sourceTree = "<group>"; };
		7923623D234EDDC90068B899 /* Base */ = {isa = PBXFileReference; lastKnownFileType = file.storyboard; name = Base; path = Base.lproj/Main.storyboard; sourceTree = "<group>"; };
		7923623F234EDDCB0068B899 /* Assets.xcassets */ = {isa = PBXFileReference; lastKnownFileType = folder.assetcatalog; path = Assets.xcassets; sourceTree = "<group>"; };
		79236242234EDDCB0068B899 /* Base */ = {isa = PBXFileReference; lastKnownFileType = file.storyboard; name = Base; path = Base.lproj/LaunchScreen.storyboard; sourceTree = "<group>"; };
		79236244234EDDCB0068B899 /* Info.plist */ = {isa = PBXFileReference; lastKnownFileType = text.plist.xml; path = Info.plist; sourceTree = "<group>"; };
		7923624C234EE0150068B899 /* JitteryIconsViewController.swift */ = {isa = PBXFileReference; lastKnownFileType = sourcecode.swift; path = JitteryIconsViewController.swift; sourceTree = "<group>"; };
		7923624D234EE0150068B899 /* JitteryIconsViewController.xib */ = {isa = PBXFileReference; lastKnownFileType = file.xib; path = JitteryIconsViewController.xib; sourceTree = "<group>"; };
/* End PBXFileReference section */

/* Begin PBXFrameworksBuildPhase section */
		79236230234EDDC90068B899 /* Frameworks */ = {
			isa = PBXFrameworksBuildPhase;
			buildActionMask = 2147483647;
			files = (
			);
			runOnlyForDeploymentPostprocessing = 0;
		};
/* End PBXFrameworksBuildPhase section */

/* Begin PBXGroup section */
		7923622A234EDDC90068B899 = {
			isa = PBXGroup;
			children = (
				79236235234EDDC90068B899 /* Animations */,
				79236234234EDDC90068B899 /* Products */,
			);
			sourceTree = "<group>";
		};
		79236234234EDDC90068B899 /* Products */ = {
			isa = PBXGroup;
			children = (
				79236233234EDDC90068B899 /* Animations.app */,
			);
			name = Products;
			sourceTree = "<group>";
		};
		79236235234EDDC90068B899 /* Animations */ = {
			isa = PBXGroup;
			children = (
				7923624A234EDFD20068B899 /* AnimationViews */,
				79236236234EDDC90068B899 /* AppDelegate.swift */,
				79236238234EDDC90068B899 /* SceneDelegate.swift */,
				7923623A234EDDC90068B899 /* AnimationListViewController.swift */,
				7923623C234EDDC90068B899 /* Main.storyboard */,
				7923623F234EDDCB0068B899 /* Assets.xcassets */,
				79236241234EDDCB0068B899 /* LaunchScreen.storyboard */,
				79236244234EDDCB0068B899 /* Info.plist */,
			);
			path = Animations;
			sourceTree = "<group>";
		};
		7923624A234EDFD20068B899 /* AnimationViews */ = {
			isa = PBXGroup;
			children = (
				7923624B234EDFE10068B899 /* JitteryIcons */,
			);
			path = AnimationViews;
			sourceTree = "<group>";
		};
		7923624B234EDFE10068B899 /* JitteryIcons */ = {
			isa = PBXGroup;
			children = (
				7923624C234EE0150068B899 /* JitteryIconsViewController.swift */,
				7923624D234EE0150068B899 /* JitteryIconsViewController.xib */,
			);
			path = JitteryIcons;
			sourceTree = "<group>";
		};
/* End PBXGroup section */

/* Begin PBXNativeTarget section */
		79236232234EDDC90068B899 /* Animations */ = {
			isa = PBXNativeTarget;
			buildConfigurationList = 79236247234EDDCB0068B899 /* Build configuration list for PBXNativeTarget "Animations" */;
			buildPhases = (
				7923622F234EDDC90068B899 /* Sources */,
				79236230234EDDC90068B899 /* Frameworks */,
				79236231234EDDC90068B899 /* Resources */,
			);
			buildRules = (
			);
			dependencies = (
			);
			name = Animations;
			productName = Animations;
			productReference = 79236233234EDDC90068B899 /* Animations.app */;
			productType = "com.apple.product-type.application";
		};
/* End PBXNativeTarget section */

/* Begin PBXProject section */
		7923622B234EDDC90068B899 /* Project object */ = {
			isa = PBXProject;
			attributes = {
				LastSwiftUpdateCheck = 1110;
				LastUpgradeCheck = 1110;
				ORGANIZATIONNAME = "Ariel Fertman";
				TargetAttributes = {
					79236232234EDDC90068B899 = {
						CreatedOnToolsVersion = 11.1;
					};
				};
			};
			buildConfigurationList = 7923622E234EDDC90068B899 /* Build configuration list for PBXProject "Animations" */;
			compatibilityVersion = "Xcode 9.3";
			developmentRegion = en;
			hasScannedForEncodings = 0;
			knownRegions = (
				en,
				Base,
			);
			mainGroup = 7923622A234EDDC90068B899;
			productRefGroup = 79236234234EDDC90068B899 /* Products */;
			projectDirPath = "";
			projectRoot = "";
			targets = (
				79236232234EDDC90068B899 /* Animations */,
			);
		};
/* End PBXProject section */

/* Begin PBXResourcesBuildPhase section */
		79236231234EDDC90068B899 /* Resources */ = {
			isa = PBXResourcesBuildPhase;
			buildActionMask = 2147483647;
			files = (
				79236243234EDDCB0068B899 /* LaunchScreen.storyboard in Resources */,
				7923624F234EE0150068B899 /* JitteryIconsViewController.xib in Resources */,
				79236240234EDDCB0068B899 /* Assets.xcassets in Resources */,
				7923623E234EDDC90068B899 /* Main.storyboard in Resources */,
			);
			runOnlyForDeploymentPostprocessing = 0;
		};
/* End PBXResourcesBuildPhase section */

/* Begin PBXSourcesBuildPhase section */
		7923622F234EDDC90068B899 /* Sources */ = {
			isa = PBXSourcesBuildPhase;
			buildActionMask = 2147483647;
			files = (
				7923623B234EDDC90068B899 /* AnimationListViewController.swift in Sources */,
				79236237234EDDC90068B899 /* AppDelegate.swift in Sources */,
				7923624E234EE0150068B899 /* JitteryIconsViewController.swift in Sources */,
				79236239234EDDC90068B899 /* SceneDelegate.swift in Sources */,
			);
			runOnlyForDeploymentPostprocessing = 0;
		};
/* End PBXSourcesBuildPhase section */

/* Begin PBXVariantGroup section */
		7923623C234EDDC90068B899 /* Main.storyboard */ = {
			isa = PBXVariantGroup;
			children = (
				7923623D234EDDC90068B899 /* Base */,
			);
			name = Main.storyboard;
			sourceTree = "<group>";
		};
		79236241234EDDCB0068B899 /* LaunchScreen.storyboard */ = {
			isa = PBXVariantGroup;
			children = (
				79236242234EDDCB0068B899 /* Base */,
			);
			name = LaunchScreen.storyboard;
			sourceTree = "<group>";
		};
/* End PBXVariantGroup section */

/* Begin XCBuildConfiguration section */
		79236245234EDDCB0068B899 /* Debug */ = {
			isa = XCBuildConfiguration;
			buildSettings = {
				ALWAYS_SEARCH_USER_PATHS = NO;
				CLANG_ANALYZER_NONNULL = YES;
				CLANG_ANALYZER_NUMBER_OBJECT_CONVERSION = YES_AGGRESSIVE;
				CLANG_CXX_LANGUAGE_STANDARD = "gnu++14";
				CLANG_CXX_LIBRARY = "libc++";
				CLANG_ENABLE_MODULES = YES;
				CLANG_ENABLE_OBJC_ARC = YES;
				CLANG_ENABLE_OBJC_WEAK = YES;
				CLANG_WARN_BLOCK_CAPTURE_AUTORELEASING = YES;
				CLANG_WARN_BOOL_CONVERSION = YES;
				CLANG_WARN_COMMA = YES;
				CLANG_WARN_CONSTANT_CONVERSION = YES;
				CLANG_WARN_DEPRECATED_OBJC_IMPLEMENTATIONS = YES;
				CLANG_WARN_DIRECT_OBJC_ISA_USAGE = YES_ERROR;
				CLANG_WARN_DOCUMENTATION_COMMENTS = YES;
				CLANG_WARN_EMPTY_BODY = YES;
				CLANG_WARN_ENUM_CONVERSION = YES;
				CLANG_WARN_INFINITE_RECURSION = YES;
				CLANG_WARN_INT_CONVERSION = YES;
				CLANG_WARN_NON_LITERAL_NULL_CONVERSION = YES;
				CLANG_WARN_OBJC_IMPLICIT_RETAIN_SELF = YES;
				CLANG_WARN_OBJC_LITERAL_CONVERSION = YES;
				CLANG_WARN_OBJC_ROOT_CLASS = YES_ERROR;
				CLANG_WARN_RANGE_LOOP_ANALYSIS = YES;
				CLANG_WARN_STRICT_PROTOTYPES = YES;
				CLANG_WARN_SUSPICIOUS_MOVE = YES;
				CLANG_WARN_UNGUARDED_AVAILABILITY = YES_AGGRESSIVE;
				CLANG_WARN_UNREACHABLE_CODE = YES;
				CLANG_WARN__DUPLICATE_METHOD_MATCH = YES;
				COPY_PHASE_STRIP = NO;
				DEBUG_INFORMATION_FORMAT = dwarf;
				ENABLE_STRICT_OBJC_MSGSEND = YES;
				ENABLE_TESTABILITY = YES;
				GCC_C_LANGUAGE_STANDARD = gnu11;
				GCC_DYNAMIC_NO_PIC = NO;
				GCC_NO_COMMON_BLOCKS = YES;
				GCC_OPTIMIZATION_LEVEL = 0;
				GCC_PREPROCESSOR_DEFINITIONS = (
					"DEBUG=1",
					"$(inherited)",
				);
				GCC_WARN_64_TO_32_BIT_CONVERSION = YES;
				GCC_WARN_ABOUT_RETURN_TYPE = YES_ERROR;
				GCC_WARN_UNDECLARED_SELECTOR = YES;
				GCC_WARN_UNINITIALIZED_AUTOS = YES_AGGRESSIVE;
				GCC_WARN_UNUSED_FUNCTION = YES;
				GCC_WARN_UNUSED_VARIABLE = YES;
				IPHONEOS_DEPLOYMENT_TARGET = 13.1;
				MTL_ENABLE_DEBUG_INFO = INCLUDE_SOURCE;
				MTL_FAST_MATH = YES;
				ONLY_ACTIVE_ARCH = YES;
				SDKROOT = iphoneos;
				SWIFT_ACTIVE_COMPILATION_CONDITIONS = DEBUG;
				SWIFT_OPTIMIZATION_LEVEL = "-Onone";
			};
			name = Debug;
		};
		79236246234EDDCB0068B899 /* Release */ = {
			isa = XCBuildConfiguration;
			buildSettings = {
				ALWAYS_SEARCH_USER_PATHS = NO;
				CLANG_ANALYZER_NONNULL = YES;
				CLANG_ANALYZER_NUMBER_OBJECT_CONVERSION = YES_AGGRESSIVE;
				CLANG_CXX_LANGUAGE_STANDARD = "gnu++14";
				CLANG_CXX_LIBRARY = "libc++";
				CLANG_ENABLE_MODULES = YES;
				CLANG_ENABLE_OBJC_ARC = YES;
				CLANG_ENABLE_OBJC_WEAK = YES;
				CLANG_WARN_BLOCK_CAPTURE_AUTORELEASING = YES;
				CLANG_WARN_BOOL_CONVERSION = YES;
				CLANG_WARN_COMMA = YES;
				CLANG_WARN_CONSTANT_CONVERSION = YES;
				CLANG_WARN_DEPRECATED_OBJC_IMPLEMENTATIONS = YES;
				CLANG_WARN_DIRECT_OBJC_ISA_USAGE = YES_ERROR;
				CLANG_WARN_DOCUMENTATION_COMMENTS = YES;
				CLANG_WARN_EMPTY_BODY = YES;
				CLANG_WARN_ENUM_CONVERSION = YES;
				CLANG_WARN_INFINITE_RECURSION = YES;
				CLANG_WARN_INT_CONVERSION = YES;
				CLANG_WARN_NON_LITERAL_NULL_CONVERSION = YES;
				CLANG_WARN_OBJC_IMPLICIT_RETAIN_SELF = YES;
				CLANG_WARN_OBJC_LITERAL_CONVERSION = YES;
				CLANG_WARN_OBJC_ROOT_CLASS = YES_ERROR;
				CLANG_WARN_RANGE_LOOP_ANALYSIS = YES;
				CLANG_WARN_STRICT_PROTOTYPES = YES;
				CLANG_WARN_SUSPICIOUS_MOVE = YES;
				CLANG_WARN_UNGUARDED_AVAILABILITY = YES_AGGRESSIVE;
				CLANG_WARN_UNREACHABLE_CODE = YES;
				CLANG_WARN__DUPLICATE_METHOD_MATCH = YES;
				COPY_PHASE_STRIP = NO;
				DEBUG_INFORMATION_FORMAT = "dwarf-with-dsym";
				ENABLE_NS_ASSERTIONS = NO;
				ENABLE_STRICT_OBJC_MSGSEND = YES;
				GCC_C_LANGUAGE_STANDARD = gnu11;
				GCC_NO_COMMON_BLOCKS = YES;
				GCC_WARN_64_TO_32_BIT_CONVERSION = YES;
				GCC_WARN_ABOUT_RETURN_TYPE = YES_ERROR;
				GCC_WARN_UNDECLARED_SELECTOR = YES;
				GCC_WARN_UNINITIALIZED_AUTOS = YES_AGGRESSIVE;
				GCC_WARN_UNUSED_FUNCTION = YES;
				GCC_WARN_UNUSED_VARIABLE = YES;
				IPHONEOS_DEPLOYMENT_TARGET = 13.1;
				MTL_ENABLE_DEBUG_INFO = NO;
				MTL_FAST_MATH = YES;
				SDKROOT = iphoneos;
				SWIFT_COMPILATION_MODE = wholemodule;
				SWIFT_OPTIMIZATION_LEVEL = "-O";
				VALIDATE_PRODUCT = YES;
			};
			name = Release;
		};
		79236248234EDDCB0068B899 /* Debug */ = {
			isa = XCBuildConfiguration;
			buildSettings = {
				ASSETCATALOG_COMPILER_APPICON_NAME = AppIcon;
				CODE_SIGN_STYLE = Automatic;
				INFOPLIST_FILE = Animations/Info.plist;
				LD_RUNPATH_SEARCH_PATHS = (
					"$(inherited)",
					"@executable_path/Frameworks",
				);
				PRODUCT_BUNDLE_IDENTIFIER = com.afdev.Animations;
				PRODUCT_NAME = "$(TARGET_NAME)";
				SWIFT_VERSION = 5.0;
				TARGETED_DEVICE_FAMILY = "1,2";
			};
			name = Debug;
		};
		79236249234EDDCB0068B899 /* Release */ = {
			isa = XCBuildConfiguration;
			buildSettings = {
				ASSETCATALOG_COMPILER_APPICON_NAME = AppIcon;
				CODE_SIGN_STYLE = Automatic;
				INFOPLIST_FILE = Animations/Info.plist;
				LD_RUNPATH_SEARCH_PATHS = (
					"$(inherited)",
					"@executable_path/Frameworks",
				);
				PRODUCT_BUNDLE_IDENTIFIER = com.afdev.Animations;
				PRODUCT_NAME = "$(TARGET_NAME)";
				SWIFT_VERSION = 5.0;
				TARGETED_DEVICE_FAMILY = "1,2";
			};
			name = Release;
		};
/* End XCBuildConfiguration section */

/* Begin XCConfigurationList section */
		7923622E234EDDC90068B899 /* Build configuration list for PBXProject "Animations" */ = {
			isa = XCConfigurationList;
			buildConfigurations = (
				79236245234EDDCB0068B899 /* Debug */,
				79236246234EDDCB0068B899 /* Release */,
			);
			defaultConfigurationIsVisible = 0;
			defaultConfigurationName = Release;
		};
		79236247234EDDCB0068B899 /* Build configuration list for PBXNativeTarget "Animations" */ = {
			isa = XCConfigurationList;
			buildConfigurations = (
				79236248234EDDCB0068B899 /* Debug */,
				79236249234EDDCB0068B899 /* Release */,
			);
			defaultConfigurationIsVisible = 0;
			defaultConfigurationName = Release;
		};
/* End XCConfigurationList section */
	};
	rootObject = 7923622B234EDDC90068B899 /* Project object */;
}
